
Microsoft Visual Studio Solution File, Format Version 12.00
# Visual Studio 2013
VisualStudioVersion = 12.0.31101.0
MinimumVisualStudioVersion = 10.0.40219.1
Project("{2150E333-8FDC-42A3-9474-1A3956D46DE8}") = "1 - Domain", "1 - Domain", "{975C971A-816C-4BC8-BBED-7293DC01882D}"
EndProject
Project("{2150E333-8FDC-42A3-9474-1A3956D46DE8}") = "2 - Data", "2 - Data", "{F647B7E4-4214-4CFC-AAD7-4FBC6855EE8D}"
EndProject
Project("{2150E333-8FDC-42A3-9474-1A3956D46DE8}") = "3 - Application", "3 - Application", "{735F9E9B-F90F-48C6-A9C9-31D1FF7D06D8}"
EndProject
Project("{2150E333-8FDC-42A3-9474-1A3956D46DE8}") = "4 - UI", "4 - UI", "{0EF8259E-E152-489E-93A6-B71F9CCBF3EC}"
EndProject
Project("{FAE04EC0-301F-11D3-BF4B-00C04F79EFBC}") = "PersonalDomain.Data.EntityFramework", "PersonalDomain.Data.EntityFramework\PersonalDomain.Data.EntityFramework.csproj", "{BB31D9BE-9E43-4AD3-A2B4-5BC4A30C15C6}"
EndProject
Project("{FAE04EC0-301F-11D3-BF4B-00C04F79EFBC}") = "PersonalDomain.Domain", "PersonalDomain.Domain\PersonalDomain.Domain.csproj", "{1881C8C5-D180-4346-8FAA-8D9F6DE5C841}"
EndProject
Project("{FAE04EC0-301F-11D3-BF4B-00C04F79EFBC}") = "PersonalDomain.Data", "PersonalDomain.Data\PersonalDomain.Data.csproj", "{E4727D14-1AA2-4B25-8DA3-481BB87E348B}"
EndProject
Project("{FAE04EC0-301F-11D3-BF4B-00C04F79EFBC}") = "PersonalDomain.Application", "PersonalDomain.Application\PersonalDomain.Application.csproj", "{4C9C19D3-95FE-4ED8-8EB6-49115E9D58FD}"
EndProject
Project("{FAE04EC0-301F-11D3-BF4B-00C04F79EFBC}") = "PersonalDomain.Application.Owin", "PersonalDomain.Application.Owin\PersonalDomain.Application.Owin.csproj", "{2AF23523-84B1-4163-BE71-C4C3EE4D15AB}"
EndProject
Project("{FAE04EC0-301F-11D3-BF4B-00C04F79EFBC}") = "PersonalDomain.UI.Web.Angular", "PersonalDomain.UI.Web.Angular\PersonalDomain.UI.Web.Angular.csproj", "{DF7D2F1E-2E06-4CB5-AA0C-A460A1218D1D}"
EndProject
Project("{FAE04EC0-301F-11D3-BF4B-00C04F79EFBC}") = "PersonalDomain.UI.Web.Aurelia", "PersonalDomain.UI.Web.Aurelia\PersonalDomain.UI.Web.Aurelia.csproj", "{3E9E31C7-3789-46C3-A76E-4780E2315709}"
EndProject
Global
	GlobalSection(SolutionConfigurationPlatforms) = preSolution
		Debug|Any CPU = Debug|Any CPU
		Release|Any CPU = Release|Any CPU
	EndGlobalSection
	GlobalSection(ProjectConfigurationPlatforms) = postSolution
		{BB31D9BE-9E43-4AD3-A2B4-5BC4A30C15C6}.Debug|Any CPU.ActiveCfg = Debug|Any CPU
		{BB31D9BE-9E43-4AD3-A2B4-5BC4A30C15C6}.Debug|Any CPU.Build.0 = Debug|Any CPU
		{BB31D9BE-9E43-4AD3-A2B4-5BC4A30C15C6}.Release|Any CPU.ActiveCfg = Release|Any CPU
		{BB31D9BE-9E43-4AD3-A2B4-5BC4A30C15C6}.Release|Any CPU.Build.0 = Release|Any CPU
		{1881C8C5-D180-4346-8FAA-8D9F6DE5C841}.Debug|Any CPU.ActiveCfg = Debug|Any CPU
		{1881C8C5-D180-4346-8FAA-8D9F6DE5C841}.Debug|Any CPU.Build.0 = Debug|Any CPU
		{1881C8C5-D180-4346-8FAA-8D9F6DE5C841}.Release|Any CPU.ActiveCfg = Release|Any CPU
		{1881C8C5-D180-4346-8FAA-8D9F6DE5C841}.Release|Any CPU.Build.0 = Release|Any CPU
		{E4727D14-1AA2-4B25-8DA3-481BB87E348B}.Debug|Any CPU.ActiveCfg = Debug|Any CPU
		{E4727D14-1AA2-4B25-8DA3-481BB87E348B}.Debug|Any CPU.Build.0 = Debug|Any CPU
		{E4727D14-1AA2-4B25-8DA3-481BB87E348B}.Release|Any CPU.ActiveCfg = Release|Any CPU
		{E4727D14-1AA2-4B25-8DA3-481BB87E348B}.Release|Any CPU.Build.0 = Release|Any CPU
		{4C9C19D3-95FE-4ED8-8EB6-49115E9D58FD}.Debug|Any CPU.ActiveCfg = Debug|Any CPU
		{4C9C19D3-95FE-4ED8-8EB6-49115E9D58FD}.Debug|Any CPU.Build.0 = Debug|Any CPU
		{4C9C19D3-95FE-4ED8-8EB6-49115E9D58FD}.Release|Any CPU.ActiveCfg = Release|Any CPU
		{4C9C19D3-95FE-4ED8-8EB6-49115E9D58FD}.Release|Any CPU.Build.0 = Release|Any CPU
		{2AF23523-84B1-4163-BE71-C4C3EE4D15AB}.Debug|Any CPU.ActiveCfg = Debug|Any CPU
		{2AF23523-84B1-4163-BE71-C4C3EE4D15AB}.Debug|Any CPU.Build.0 = Debug|Any CPU
		{2AF23523-84B1-4163-BE71-C4C3EE4D15AB}.Release|Any CPU.ActiveCfg = Release|Any CPU
		{2AF23523-84B1-4163-BE71-C4C3EE4D15AB}.Release|Any CPU.Build.0 = Release|Any CPU
		{DF7D2F1E-2E06-4CB5-AA0C-A460A1218D1D}.Debug|Any CPU.ActiveCfg = Debug|Any CPU
		{DF7D2F1E-2E06-4CB5-AA0C-A460A1218D1D}.Debug|Any CPU.Build.0 = Debug|Any CPU
		{DF7D2F1E-2E06-4CB5-AA0C-A460A1218D1D}.Release|Any CPU.ActiveCfg = Release|Any CPU
		{DF7D2F1E-2E06-4CB5-AA0C-A460A1218D1D}.Release|Any CPU.Build.0 = Release|Any CPU
		{3E9E31C7-3789-46C3-A76E-4780E2315709}.Debug|Any CPU.ActiveCfg = Debug|Any CPU
		{3E9E31C7-3789-46C3-A76E-4780E2315709}.Debug|Any CPU.Build.0 = Debug|Any CPU
		{3E9E31C7-3789-46C3-A76E-4780E2315709}.Release|Any CPU.ActiveCfg = Release|Any CPU
		{3E9E31C7-3789-46C3-A76E-4780E2315709}.Release|Any CPU.Build.0 = Release|Any CPU
	EndGlobalSection
	GlobalSection(SolutionProperties) = preSolution
		HideSolutionNode = FALSE
	EndGlobalSection
	GlobalSection(NestedProjects) = preSolution
		{BB31D9BE-9E43-4AD3-A2B4-5BC4A30C15C6} = {F647B7E4-4214-4CFC-AAD7-4FBC6855EE8D}
		{1881C8C5-D180-4346-8FAA-8D9F6DE5C841} = {975C971A-816C-4BC8-BBED-7293DC01882D}
		{E4727D14-1AA2-4B25-8DA3-481BB87E348B} = {F647B7E4-4214-4CFC-AAD7-4FBC6855EE8D}
		{4C9C19D3-95FE-4ED8-8EB6-49115E9D58FD} = {735F9E9B-F90F-48C6-A9C9-31D1FF7D06D8}
		{2AF23523-84B1-4163-BE71-C4C3EE4D15AB} = {735F9E9B-F90F-48C6-A9C9-31D1FF7D06D8}
		{DF7D2F1E-2E06-4CB5-AA0C-A460A1218D1D} = {0EF8259E-E152-489E-93A6-B71F9CCBF3EC}
		{3E9E31C7-3789-46C3-A76E-4780E2315709} = {0EF8259E-E152-489E-93A6-B71F9CCBF3EC}
	EndGlobalSection
EndGlobal
